
Microsoft Visual Studio Solution File, Format Version 12.00
# Visual Studio 2012
Project("{FAE04EC0-301F-11D3-BF4B-00C04F79EFBC}") = "VL.LeaveTracker.Web", "VL.LeaveTracker.Web\VL.LeaveTracker.Web.csproj", "{8DC820A1-16E9-472C-8508-228888F9233C}"
EndProject
Project("{FAE04EC0-301F-11D3-BF4B-00C04F79EFBC}") = "VL.LeaveTracker.Business", "VL.LeaveTracker.Business\VL.LeaveTracker.Business.csproj", "{73760DF4-2EEF-41C1-8530-36D592201BB0}"
EndProject
Project("{FAE04EC0-301F-11D3-BF4B-00C04F79EFBC}") = "VL.LeaveTracker.DataAccess", "VL.LeaveTracker.DataAccess\VL.LeaveTracker.DataAccess.csproj", "{B2D4870F-1FDF-4687-8BA2-DEBFBC5F72CB}"
EndProject
Project("{FAE04EC0-301F-11D3-BF4B-00C04F79EFBC}") = "VL.LeaveTracker.Models", "VL.LeaveTracker.Models\VL.LeaveTracker.Models.csproj", "{6F327D96-A785-41A8-9065-0771FCEA0377}"
EndProject
Global
	GlobalSection(SolutionConfigurationPlatforms) = preSolution
		Debug|Any CPU = Debug|Any CPU
		Release|Any CPU = Release|Any CPU
	EndGlobalSection
	GlobalSection(ProjectConfigurationPlatforms) = postSolution
		{8DC820A1-16E9-472C-8508-228888F9233C}.Debug|Any CPU.ActiveCfg = Debug|Any CPU
		{8DC820A1-16E9-472C-8508-228888F9233C}.Debug|Any CPU.Build.0 = Debug|Any CPU
		{8DC820A1-16E9-472C-8508-228888F9233C}.Release|Any CPU.ActiveCfg = Release|Any CPU
		{8DC820A1-16E9-472C-8508-228888F9233C}.Release|Any CPU.Build.0 = Release|Any CPU
		{73760DF4-2EEF-41C1-8530-36D592201BB0}.Debug|Any CPU.ActiveCfg = Debug|Any CPU
		{73760DF4-2EEF-41C1-8530-36D592201BB0}.Debug|Any CPU.Build.0 = Debug|Any CPU
		{73760DF4-2EEF-41C1-8530-36D592201BB0}.Release|Any CPU.ActiveCfg = Release|Any CPU
		{73760DF4-2EEF-41C1-8530-36D592201BB0}.Release|Any CPU.Build.0 = Release|Any CPU
		{B2D4870F-1FDF-4687-8BA2-DEBFBC5F72CB}.Debug|Any CPU.ActiveCfg = Debug|Any CPU
		{B2D4870F-1FDF-4687-8BA2-DEBFBC5F72CB}.Debug|Any CPU.Build.0 = Debug|Any CPU
		{B2D4870F-1FDF-4687-8BA2-DEBFBC5F72CB}.Release|Any CPU.ActiveCfg = Release|Any CPU
		{B2D4870F-1FDF-4687-8BA2-DEBFBC5F72CB}.Release|Any CPU.Build.0 = Release|Any CPU
		{6F327D96-A785-41A8-9065-0771FCEA0377}.Debug|Any CPU.ActiveCfg = Debug|Any CPU
		{6F327D96-A785-41A8-9065-0771FCEA0377}.Debug|Any CPU.Build.0 = Debug|Any CPU
		{6F327D96-A785-41A8-9065-0771FCEA0377}.Release|Any CPU.ActiveCfg = Release|Any CPU
		{6F327D96-A785-41A8-9065-0771FCEA0377}.Release|Any CPU.Build.0 = Release|Any CPU
	EndGlobalSection
	GlobalSection(SolutionProperties) = preSolution
		HideSolutionNode = FALSE
	EndGlobalSection
EndGlobal
